<?xml version="1.0" encoding="utf-8"?>
<Project ToolsVersion="4.0" xmlns="http://schemas.microsoft.com/developer/msbuild/2003">
  <ItemGroup>
    <Filter Include="fcgi">
      <UniqueIdentifier>{9b406935-70f1-4425-8758-a76ce0ec894a}</UniqueIdentifier>
    </Filter>
    <Filter Include="src">
      <UniqueIdentifier>{4FC737F1-C7A5-4376-A066-2A32D752A2FF}</UniqueIdentifier>
      <Extensions>cpp;c;cc;cxx;def;odl;idl;hpj;bat;asm;asmx</Extensions>
    </Filter>
    <Filter Include="gtest">
      <UniqueIdentifier>{3807a002-1a6d-454b-bfd9-6e857aeedb9d}</UniqueIdentifier>
    </Filter>
    <Filter Include="test">
      <UniqueIdentifier>{ebbc52a9-bda0-48cc-8b06-8cec6dc6bbf5}</UniqueIdentifier>
    </Filter>
    <Filter Include="yaml-cpp">
      <UniqueIdentifier>{333820b4-6381-4ff3-a7c1-35d124393b89}</UniqueIdentifier>
    </Filter>
  </ItemGroup>
  <ItemGroup>
    <ClInclude Include="..\src\fcgi_bind.h">
      <Filter>src</Filter>
    </ClInclude>
    <ClInclude Include="..\src\fcgi_service_io.h">
      <Filter>src</Filter>
    </ClInclude>
    <ClInclude Include="..\src\util.h">
      <Filter>src</Filter>
    </ClInclude>
    <ClInclude Include="..\include\ncserver.h">
      <Filter>src</Filter>
    </ClInclude>
    <ClInclude Include="..\test\stdafx.h">
      <Filter>test</Filter>
    </ClInclude>
    <ClInclude Include="..\gtest\gtest.h">
      <Filter>gtest</Filter>
    </ClInclude>
    <ClInclude Include="..\include\nc_log.h">
      <Filter>src</Filter>
    </ClInclude>
    <ClInclude Include="..\3rd-party\fastcgi\include\fastcgi.h">
      <Filter>fcgi</Filter>
    </ClInclude>
    <ClInclude Include="..\3rd-party\fastcgi\include\fcgi_config.h">
      <Filter>fcgi</Filter>
    </ClInclude>
    <ClInclude Include="..\3rd-party\fastcgi\include\fcgi_config_x86.h">
      <Filter>fcgi</Filter>
    </ClInclude>
    <ClInclude Include="..\3rd-party\fastcgi\include\fcgi_stdio.h">
      <Filter>fcgi</Filter>
    </ClInclude>
    <ClInclude Include="..\3rd-party\fastcgi\include\fcgiapp.h">
      <Filter>fcgi</Filter>
    </ClInclude>
    <ClInclude Include="..\3rd-party\fastcgi\include\fcgimisc.h">
      <Filter>fcgi</Filter>
    </ClInclude>
    <ClInclude Include="..\3rd-party\fastcgi\include\fcgio.h">
      <Filter>fcgi</Filter>
    </ClInclude>
    <ClInclude Include="..\3rd-party\fastcgi\include\fcgios.h">
      <Filter>fcgi</Filter>
    </ClInclude>
    <ClInclude Include="..\3rd-party\yaml-cpp\include\yaml-cpp\anchor.h">
      <Filter>yaml-cpp</Filter>
    </ClInclude>
    <ClInclude Include="..\3rd-party\yaml-cpp\include\yaml-cpp\binary.h">
      <Filter>yaml-cpp</Filter>
    </ClInclude>
    <ClInclude Include="..\3rd-party\yaml-cpp\include\yaml-cpp\dll.h">
      <Filter>yaml-cpp</Filter>
    </ClInclude>
    <ClInclude Include="..\3rd-party\yaml-cpp\include\yaml-cpp\emitfromevents.h">
      <Filter>yaml-cpp</Filter>
    </ClInclude>
    <ClInclude Include="..\3rd-party\yaml-cpp\include\yaml-cpp\emitter.h">
      <Filter>yaml-cpp</Filter>
    </ClInclude>
    <ClInclude Include="..\3rd-party\yaml-cpp\include\yaml-cpp\emitterdef.h">
      <Filter>yaml-cpp</Filter>
    </ClInclude>
    <ClInclude Include="..\3rd-party\yaml-cpp\include\yaml-cpp\emittermanip.h">
      <Filter>yaml-cpp</Filter>
    </ClInclude>
    <ClInclude Include="..\3rd-party\yaml-cpp\include\yaml-cpp\emitterstyle.h">
      <Filter>yaml-cpp</Filter>
    </ClInclude>
    <ClInclude Include="..\3rd-party\yaml-cpp\include\yaml-cpp\eventhandler.h">
      <Filter>yaml-cpp</Filter>
    </ClInclude>
    <ClInclude Include="..\3rd-party\yaml-cpp\include\yaml-cpp\exceptions.h">
      <Filter>yaml-cpp</Filter>
    </ClInclude>
    <ClInclude Include="..\3rd-party\yaml-cpp\include\yaml-cpp\mark.h">
      <Filter>yaml-cpp</Filter>
    </ClInclude>
    <ClInclude Include="..\3rd-party\yaml-cpp\include\yaml-cpp\null.h">
      <Filter>yaml-cpp</Filter>
    </ClInclude>
    <ClInclude Include="..\3rd-party\yaml-cpp\include\yaml-cpp\ostream_wrapper.h">
      <Filter>yaml-cpp</Filter>
    </ClInclude>
    <ClInclude Include="..\3rd-party\yaml-cpp\include\yaml-cpp\parser.h">
      <Filter>yaml-cpp</Filter>
    </ClInclude>
    <ClInclude Include="..\3rd-party\yaml-cpp\include\yaml-cpp\stlemitter.h">
      <Filter>yaml-cpp</Filter>
    </ClInclude>
    <ClInclude Include="..\3rd-party\yaml-cpp\include\yaml-cpp\traits.h">
      <Filter>yaml-cpp</Filter>
    </ClInclude>
    <ClInclude Include="..\3rd-party\yaml-cpp\include\yaml-cpp\yaml.h">
      <Filter>yaml-cpp</Filter>
    </ClInclude>
    <ClInclude Include="..\3rd-party\yaml-cpp\include\yaml-cpp\node\convert.h">
      <Filter>yaml-cpp</Filter>
    </ClInclude>
    <ClInclude Include="..\3rd-party\yaml-cpp\include\yaml-cpp\node\emit.h">
      <Filter>yaml-cpp</Filter>
    </ClInclude>
    <ClInclude Include="..\3rd-party\yaml-cpp\include\yaml-cpp\node\impl.h">
      <Filter>yaml-cpp</Filter>
    </ClInclude>
    <ClInclude Include="..\3rd-party\yaml-cpp\include\yaml-cpp\node\iterator.h">
      <Filter>yaml-cpp</Filter>
    </ClInclude>
    <ClInclude Include="..\3rd-party\yaml-cpp\include\yaml-cpp\node\node.h">
      <Filter>yaml-cpp</Filter>
    </ClInclude>
    <ClInclude Include="..\3rd-party\yaml-cpp\include\yaml-cpp\node\parse.h">
      <Filter>yaml-cpp</Filter>
    </ClInclude>
    <ClInclude Include="..\3rd-party\yaml-cpp\include\yaml-cpp\node\ptr.h">
      <Filter>yaml-cpp</Filter>
    </ClInclude>
    <ClInclude Include="..\3rd-party\yaml-cpp\include\yaml-cpp\node\type.h">
      <Filter>yaml-cpp</Filter>
    </ClInclude>
    <ClInclude Include="..\3rd-party\yaml-cpp\include\yaml-cpp\node\detail\bool_type.h">
      <Filter>yaml-cpp</Filter>
    </ClInclude>
    <ClInclude Include="..\3rd-party\yaml-cpp\include\yaml-cpp\node\detail\impl.h">
      <Filter>yaml-cpp</Filter>
    </ClInclude>
    <ClInclude Include="..\3rd-party\yaml-cpp\include\yaml-cpp\node\detail\iterator.h">
      <Filter>yaml-cpp</Filter>
    </ClInclude>
    <ClInclude Include="..\3rd-party\yaml-cpp\include\yaml-cpp\node\detail\iterator_fwd.h">
      <Filter>yaml-cpp</Filter>
    </ClInclude>
    <ClInclude Include="..\3rd-party\yaml-cpp\include\yaml-cpp\node\detail\memory.h">
      <Filter>yaml-cpp</Filter>
    </ClInclude>
    <ClInclude Include="..\3rd-party\yaml-cpp\include\yaml-cpp\node\detail\node.h">
      <Filter>yaml-cpp</Filter>
    </ClInclude>
    <ClInclude Include="..\3rd-party\yaml-cpp\include\yaml-cpp\node\detail\node_data.h">
      <Filter>yaml-cpp</Filter>
    </ClInclude>
    <ClInclude Include="..\3rd-party\yaml-cpp\include\yaml-cpp\node\detail\node_iterator.h">
      <Filter>yaml-cpp</Filter>
    </ClInclude>
    <ClInclude Include="..\3rd-party\yaml-cpp\include\yaml-cpp\node\detail\node_ref.h">
      <Filter>yaml-cpp</Filter>
    </ClInclude>
    <ClInclude Include="..\3rd-party\yaml-cpp\include\yaml-cpp\contrib\anchordict.h">
      <Filter>yaml-cpp</Filter>
    </ClInclude>
    <ClInclude Include="..\3rd-party\yaml-cpp\include\yaml-cpp\contrib\graphbuilder.h">
      <Filter>yaml-cpp</Filter>
    </ClInclude>
    <ClInclude Include="..\3rd-party\yaml-cpp\src\collectionstack.h">
      <Filter>yaml-cpp</Filter>
    </ClInclude>
    <ClInclude Include="..\3rd-party\yaml-cpp\src\directives.h">
      <Filter>yaml-cpp</Filter>
    </ClInclude>
    <ClInclude Include="..\3rd-party\yaml-cpp\src\emitterstate.h">
      <Filter>yaml-cpp</Filter>
    </ClInclude>
    <ClInclude Include="..\3rd-party\yaml-cpp\src\emitterutils.h">
      <Filter>yaml-cpp</Filter>
    </ClInclude>
    <ClInclude Include="..\3rd-party\yaml-cpp\src\exp.h">
      <Filter>yaml-cpp</Filter>
    </ClInclude>
    <ClInclude Include="..\3rd-party\yaml-cpp\src\indentation.h">
      <Filter>yaml-cpp</Filter>
    </ClInclude>
    <ClInclude Include="..\3rd-party\yaml-cpp\src\nodebuilder.h">
      <Filter>yaml-cpp</Filter>
    </ClInclude>
    <ClInclude Include="..\3rd-party\yaml-cpp\src\nodeevents.h">
      <Filter>yaml-cpp</Filter>
    </ClInclude>
    <ClInclude Include="..\3rd-party\yaml-cpp\src\ptr_vector.h">
      <Filter>yaml-cpp</Filter>
    </ClInclude>
    <ClInclude Include="..\3rd-party\yaml-cpp\src\regex_yaml.h">
      <Filter>yaml-cpp</Filter>
    </ClInclude>
    <ClInclude Include="..\3rd-party\yaml-cpp\src\regeximpl.h">
      <Filter>yaml-cpp</Filter>
    </ClInclude>
    <ClInclude Include="..\3rd-party\yaml-cpp\src\scanner.h">
      <Filter>yaml-cpp</Filter>
    </ClInclude>
    <ClInclude Include="..\3rd-party\yaml-cpp\src\scanscalar.h">
      <Filter>yaml-cpp</Filter>
    </ClInclude>
    <ClInclude Include="..\3rd-party\yaml-cpp\src\scantag.h">
      <Filter>yaml-cpp</Filter>
    </ClInclude>
    <ClInclude Include="..\3rd-party\yaml-cpp\src\setting.h">
      <Filter>yaml-cpp</Filter>
    </ClInclude>
    <ClInclude Include="..\3rd-party\yaml-cpp\src\singledocparser.h">
      <Filter>yaml-cpp</Filter>
    </ClInclude>
    <ClInclude Include="..\3rd-party\yaml-cpp\src\stream.h">
      <Filter>yaml-cpp</Filter>
    </ClInclude>
    <ClInclude Include="..\3rd-party\yaml-cpp\src\streamcharsource.h">
      <Filter>yaml-cpp</Filter>
    </ClInclude>
    <ClInclude Include="..\3rd-party\yaml-cpp\src\stringsource.h">
      <Filter>yaml-cpp</Filter>
    </ClInclude>
    <ClInclude Include="..\3rd-party\yaml-cpp\src\tag.h">
      <Filter>yaml-cpp</Filter>
    </ClInclude>
    <ClInclude Include="..\3rd-party\yaml-cpp\src\token.h">
      <Filter>yaml-cpp</Filter>
    </ClInclude>
    <ClInclude Include="..\3rd-party\yaml-cpp\src\contrib\graphbuilderadapter.h">
      <Filter>yaml-cpp</Filter>
    </ClInclude>
  </ItemGroup>
  <ItemGroup>
    <ClCompile Include="..\src\fcgi_bind.cpp">
      <Filter>src</Filter>
    </ClCompile>
    <ClCompile Include="..\src\util.cpp">
      <Filter>src</Filter>
    </ClCompile>
    <ClCompile Include="..\src\fcgi_service_io.cpp">
      <Filter>src</Filter>
    </ClCompile>
    <ClCompile Include="..\src\ncserver.cpp">
      <Filter>src</Filter>
    </ClCompile>
    <ClCompile Include="..\src\static_string_map.cpp">
      <Filter>src</Filter>
    </ClCompile>
    <ClCompile Include="..\test\request_unittest.cpp">
      <Filter>test</Filter>
    </ClCompile>
    <ClCompile Include="..\test\main.cpp">
      <Filter>test</Filter>
    </ClCompile>
    <ClCompile Include="..\test\stdafx.cpp">
      <Filter>test</Filter>
    </ClCompile>
    <ClCompile Include="..\gtest\gtest-all.cc">
      <Filter>gtest</Filter>
    </ClCompile>
    <ClCompile Include="..\src\nc_log.cpp">
      <Filter>src</Filter>
    </ClCompile>
    <ClCompile Include="..\test\nc_logger_unittest.cpp">
      <Filter>test</Filter>
    </ClCompile>
    <ClCompile Include="..\3rd-party\fastcgi\libfcgi\fcgi_stdio.c">
      <Filter>fcgi</Filter>
    </ClCompile>
    <ClCompile Include="..\3rd-party\fastcgi\libfcgi\fcgiapp.c">
      <Filter>fcgi</Filter>
    </ClCompile>
    <ClCompile Include="..\3rd-party\fastcgi\libfcgi\fcgio.cpp">
      <Filter>fcgi</Filter>
    </ClCompile>
    <ClCompile Include="..\3rd-party\fastcgi\libfcgi\os_unix.c">
      <Filter>fcgi</Filter>
    </ClCompile>
    <ClCompile Include="..\3rd-party\fastcgi\libfcgi\os_win32.c">
      <Filter>fcgi</Filter>
    </ClCompile>
    <ClCompile Include="..\3rd-party\yaml-cpp\src\binary.cpp">
      <Filter>yaml-cpp</Filter>
    </ClCompile>
    <ClCompile Include="..\3rd-party\yaml-cpp\src\convert.cpp">
      <Filter>yaml-cpp</Filter>
    </ClCompile>
    <ClCompile Include="..\3rd-party\yaml-cpp\src\directives.cpp">
      <Filter>yaml-cpp</Filter>
    </ClCompile>
    <ClCompile Include="..\3rd-party\yaml-cpp\src\emit.cpp">
      <Filter>yaml-cpp</Filter>
    </ClCompile>
    <ClCompile Include="..\3rd-party\yaml-cpp\src\emitfromevents.cpp">
      <Filter>yaml-cpp</Filter>
    </ClCompile>
    <ClCompile Include="..\3rd-party\yaml-cpp\src\emitter.cpp">
      <Filter>yaml-cpp</Filter>
    </ClCompile>
    <ClCompile Include="..\3rd-party\yaml-cpp\src\emitterstate.cpp">
      <Filter>yaml-cpp</Filter>
    </ClCompile>
    <ClCompile Include="..\3rd-party\yaml-cpp\src\emitterutils.cpp">
      <Filter>yaml-cpp</Filter>
    </ClCompile>
    <ClCompile Include="..\3rd-party\yaml-cpp\src\exceptions.cpp">
      <Filter>yaml-cpp</Filter>
    </ClCompile>
    <ClCompile Include="..\3rd-party\yaml-cpp\src\exp.cpp">
      <Filter>yaml-cpp</Filter>
    </ClCompile>
    <ClCompile Include="..\3rd-party\yaml-cpp\src\memory.cpp">
      <Filter>yaml-cpp</Filter>
    </ClCompile>
    <ClCompile Include="..\3rd-party\yaml-cpp\src\node.cpp">
      <Filter>yaml-cpp</Filter>
    </ClCompile>
    <ClCompile Include="..\3rd-party\yaml-cpp\src\node_data.cpp">
      <Filter>yaml-cpp</Filter>
    </ClCompile>
    <ClCompile Include="..\3rd-party\yaml-cpp\src\nodebuilder.cpp">
      <Filter>yaml-cpp</Filter>
    </ClCompile>
    <ClCompile Include="..\3rd-party\yaml-cpp\src\nodeevents.cpp">
      <Filter>yaml-cpp</Filter>
    </ClCompile>
    <ClCompile Include="..\3rd-party\yaml-cpp\src\null.cpp">
      <Filter>yaml-cpp</Filter>
    </ClCompile>
    <ClCompile Include="..\3rd-party\yaml-cpp\src\ostream_wrapper.cpp">
      <Filter>yaml-cpp</Filter>
    </ClCompile>
    <ClCompile Include="..\3rd-party\yaml-cpp\src\parse.cpp">
      <Filter>yaml-cpp</Filter>
    </ClCompile>
    <ClCompile Include="..\3rd-party\yaml-cpp\src\parser.cpp">
      <Filter>yaml-cpp</Filter>
    </ClCompile>
    <ClCompile Include="..\3rd-party\yaml-cpp\src\regex_yaml.cpp">
      <Filter>yaml-cpp</Filter>
    </ClCompile>
    <ClCompile Include="..\3rd-party\yaml-cpp\src\scanner.cpp">
      <Filter>yaml-cpp</Filter>
    </ClCompile>
    <ClCompile Include="..\3rd-party\yaml-cpp\src\scanscalar.cpp">
      <Filter>yaml-cpp</Filter>
    </ClCompile>
    <ClCompile Include="..\3rd-party\yaml-cpp\src\scantag.cpp">
      <Filter>yaml-cpp</Filter>
    </ClCompile>
    <ClCompile Include="..\3rd-party\yaml-cpp\src\scantoken.cpp">
      <Filter>yaml-cpp</Filter>
    </ClCompile>
    <ClCompile Include="..\3rd-party\yaml-cpp\src\simplekey.cpp">
      <Filter>yaml-cpp</Filter>
    </ClCompile>
    <ClCompile Include="..\3rd-party\yaml-cpp\src\singledocparser.cpp">
      <Filter>yaml-cpp</Filter>
    </ClCompile>
    <ClCompile Include="..\3rd-party\yaml-cpp\src\stream.cpp">
      <Filter>yaml-cpp</Filter>
    </ClCompile>
    <ClCompile Include="..\3rd-party\yaml-cpp\src\tag.cpp">
      <Filter>yaml-cpp</Filter>
    </ClCompile>
    <ClCompile Include="..\3rd-party\yaml-cpp\src\contrib\graphbuilder.cpp">
      <Filter>yaml-cpp</Filter>
    </ClCompile>
    <ClCompile Include="..\3rd-party\yaml-cpp\src\contrib\graphbuilderadapter.cpp">
      <Filter>yaml-cpp</Filter>
    </ClCompile>
  </ItemGroup>
  <ItemGroup>
    <None Include="..\ReadMe.rst" />
  </ItemGroup>
  <ItemGroup>
    <Text Include="..\CMakeLists.txt" />
  </ItemGroup>
</Project>